
Microsoft Visual Studio Solution File, Format Version 12.00
# Visual Studio Version 16
VisualStudioVersion = 16.0.30717.126
MinimumVisualStudioVersion = 10.0.40219.1
Project("{FAE04EC0-301F-11D3-BF4B-00C04F79EFBC}") = "NUnitTestProject1", "NUnitTestProject1\NUnitTestProject1.csproj", "{59B7EEB9-6C2C-4CB2-A595-F155311EBBDD}"
EndProject
Global
	GlobalSection(SolutionConfigurationPlatforms) = preSolution
		Debug|Any CPU = Debug|Any CPU
		Release|Any CPU = Release|Any CPU
	EndGlobalSection
	GlobalSection(ProjectConfigurationPlatforms) = postSolution
		{59B7EEB9-6C2C-4CB2-A595-F155311EBBDD}.Debug|Any CPU.ActiveCfg = Debug|Any CPU
		{59B7EEB9-6C2C-4CB2-A595-F155311EBBDD}.Debug|Any CPU.Build.0 = Debug|Any CPU
		{59B7EEB9-6C2C-4CB2-A595-F155311EBBDD}.Release|Any CPU.ActiveCfg = Release|Any CPU
		{59B7EEB9-6C2C-4CB2-A595-F155311EBBDD}.Release|Any CPU.Build.0 = Release|Any CPU
	EndGlobalSection
	GlobalSection(SolutionProperties) = preSolution
		HideSolutionNode = FALSE
	EndGlobalSection
	GlobalSection(ExtensibilityGlobals) = postSolution
		SolutionGuid = {09F20B97-AF55-4692-A88C-1B01FB141B67}
	EndGlobalSection
EndGlobal
